// !$*UTF8*$!
{
	archiveVersion = 1;
	classes = {
	};
	objectVersion = 77;
	objects = {

/* Begin PBXContainerItemProxy section */
		DEE8829D2CECF6CA00905A4F /* PBXContainerItemProxy */ = {
			isa = PBXContainerItemProxy;
			containerPortal = DEE8827E2CECF6C800905A4F /* Project object */;
			proxyType = 1;
			remoteGlobalIDString = DEE882852CECF6C800905A4F;
			remoteInfo = weatherku;
		};
		DEE882A72CECF6CA00905A4F /* PBXContainerItemProxy */ = {
			isa = PBXContainerItemProxy;
			containerPortal = DEE8827E2CECF6C800905A4F /* Project object */;
			proxyType = 1;
			remoteGlobalIDString = DEE882852CECF6C800905A4F;
			remoteInfo = weatherku;
		};
/* End PBXContainerItemProxy section */

/* Begin PBXFileReference section */
		DEE882862CECF6C800905A4F /* weatherku.app */ = {isa = PBXFileReference; explicitFileType = wrapper.application; includeInIndex = 0; path = weatherku.app; sourceTree = BUILT_PRODUCTS_DIR; };
		DEE8829C2CECF6CA00905A4F /* weatherkuTests.xctest */ = {isa = PBXFileReference; explicitFileType = wrapper.cfbundle; includeInIndex = 0; path = weatherkuTests.xctest; sourceTree = BUILT_PRODUCTS_DIR; };
		DEE882A62CECF6CA00905A4F /* weatherkuUITests.xctest */ = {isa = PBXFileReference; explicitFileType = wrapper.cfbundle; includeInIndex = 0; path = weatherkuUITests.xctest; sourceTree = BUILT_PRODUCTS_DIR; };
/* End PBXFileReference section */

/* Begin PBXFileSystemSynchronizedBuildFileExceptionSet section */
		DEE882AE2CECF6CA00905A4F /* Exceptions for "weatherku" folder in "weatherku" target */ = {
			isa = PBXFileSystemSynchronizedBuildFileExceptionSet;
			membershipExceptions = (
				Info.plist,
			);
			target = DEE882852CECF6C800905A4F /* weatherku */;
		};
/* End PBXFileSystemSynchronizedBuildFileExceptionSet section */

/* Begin PBXFileSystemSynchronizedRootGroup section */
		DEE882882CECF6C800905A4F /* weatherku */ = {
			isa = PBXFileSystemSynchronizedRootGroup;
			exceptions = (
				DEE882AE2CECF6CA00905A4F /* Exceptions for "weatherku" folder in "weatherku" target */,
			);
			path = weatherku;
			sourceTree = "<group>";
		};
		DEE8829F2CECF6CA00905A4F /* weatherkuTests */ = {
			isa = PBXFileSystemSynchronizedRootGroup;
			path = weatherkuTests;
			sourceTree = "<group>";
		};
		DEE882A92CECF6CA00905A4F /* weatherkuUITests */ = {
			isa = PBXFileSystemSynchronizedRootGroup;
			path = weatherkuUITests;
			sourceTree = "<group>";
		};
/* End PBXFileSystemSynchronizedRootGroup section */

/* Begin PBXFrameworksBuildPhase section */
		DEE882832CECF6C800905A4F /* Frameworks */ = {
			isa = PBXFrameworksBuildPhase;
			buildActionMask = 2147483647;
			files = (
			);
			runOnlyForDeploymentPostprocessing = 0;
		};
		DEE882992CECF6CA00905A4F /* Frameworks */ = {
			isa = PBXFrameworksBuildPhase;
			buildActionMask = 2147483647;
			files = (
			);
			runOnlyForDeploymentPostprocessing = 0;
		};
		DEE882A32CECF6CA00905A4F /* Frameworks */ = {
			isa = PBXFrameworksBuildPhase;
			buildActionMask = 2147483647;
			files = (
			);
			runOnlyForDeploymentPostprocessing = 0;
		};
/* End PBXFrameworksBuildPhase section */

/* Begin PBXGroup section */
		DEE8827D2CECF6C800905A4F = {
			isa = PBXGroup;
			children = (
				DEE882882CECF6C800905A4F /* weatherku */,
				DEE8829F2CECF6CA00905A4F /* weatherkuTests */,
				DEE882A92CECF6CA00905A4F /* weatherkuUITests */,
				DEE882872CECF6C800905A4F /* Products */,
			);
			sourceTree = "<group>";
		};
		DEE882872CECF6C800905A4F /* Products */ = {
			isa = PBXGroup;
			children = (
				DEE882862CECF6C800905A4F /* weatherku.app */,
				DEE8829C2CECF6CA00905A4F /* weatherkuTests.xctest */,
				DEE882A62CECF6CA00905A4F /* weatherkuUITests.xctest */,
			);
			name = Products;
			sourceTree = "<group>";
		};
/* End PBXGroup section */

/* Begin PBXNativeTarget section */
		DEE882852CECF6C800905A4F /* weatherku */ = {
			isa = PBXNativeTarget;
			buildConfigurationList = DEE882AF2CECF6CA00905A4F /* Build configuration list for PBXNativeTarget "weatherku" */;
			buildPhases = (
				DEE882822CECF6C800905A4F /* Sources */,
				DEE882832CECF6C800905A4F /* Frameworks */,
				DEE882842CECF6C800905A4F /* Resources */,
			);
			buildRules = (
			);
			dependencies = (
			);
			fileSystemSynchronizedGroups = (
				DEE882882CECF6C800905A4F /* weatherku */,
			);
			name = weatherku;
			packageProductDependencies = (
			);
			productName = weatherku;
			productReference = DEE882862CECF6C800905A4F /* weatherku.app */;
			productType = "com.apple.product-type.application";
		};
		DEE8829B2CECF6CA00905A4F /* weatherkuTests */ = {
			isa = PBXNativeTarget;
			buildConfigurationList = DEE882B42CECF6CA00905A4F /* Build configuration list for PBXNativeTarget "weatherkuTests" */;
			buildPhases = (
				DEE882982CECF6CA00905A4F /* Sources */,
				DEE882992CECF6CA00905A4F /* Frameworks */,
				DEE8829A2CECF6CA00905A4F /* Resources */,
			);
			buildRules = (
			);
			dependencies = (
				DEE8829E2CECF6CA00905A4F /* PBXTargetDependency */,
			);
			fileSystemSynchronizedGroups = (
				DEE8829F2CECF6CA00905A4F /* weatherkuTests */,
			);
			name = weatherkuTests;
			packageProductDependencies = (
			);
			productName = weatherkuTests;
			productReference = DEE8829C2CECF6CA00905A4F /* weatherkuTests.xctest */;
			productType = "com.apple.product-type.bundle.unit-test";
		};
		DEE882A52CECF6CA00905A4F /* weatherkuUITests */ = {
			isa = PBXNativeTarget;
			buildConfigurationList = DEE882B72CECF6CA00905A4F /* Build configuration list for PBXNativeTarget "weatherkuUITests" */;
			buildPhases = (
				DEE882A22CECF6CA00905A4F /* Sources */,
				DEE882A32CECF6CA00905A4F /* Frameworks */,
				DEE882A42CECF6CA00905A4F /* Resources */,
			);
			buildRules = (
			);
			dependencies = (
				DEE882A82CECF6CA00905A4F /* PBXTargetDependency */,
			);
			fileSystemSynchronizedGroups = (
				DEE882A92CECF6CA00905A4F /* weatherkuUITests */,
			);
			name = weatherkuUITests;
			packageProductDependencies = (
			);
			productName = weatherkuUITests;
			productReference = DEE882A62CECF6CA00905A4F /* weatherkuUITests.xctest */;
			productType = "com.apple.product-type.bundle.ui-testing";
		};
/* End PBXNativeTarget section */

/* Begin PBXProject section */
		DEE8827E2CECF6C800905A4F /* Project object */ = {
			isa = PBXProject;
			attributes = {
				BuildIndependentTargetsInParallel = 1;
				LastSwiftUpdateCheck = 1600;
				LastUpgradeCheck = 1600;
				TargetAttributes = {
					DEE882852CECF6C800905A4F = {
						CreatedOnToolsVersion = 16.0;
					};
					DEE8829B2CECF6CA00905A4F = {
						CreatedOnToolsVersion = 16.0;
						TestTargetID = DEE882852CECF6C800905A4F;
					};
					DEE882A52CECF6CA00905A4F = {
						CreatedOnToolsVersion = 16.0;
						TestTargetID = DEE882852CECF6C800905A4F;
					};
				};
			};
			buildConfigurationList = DEE882812CECF6C800905A4F /* Build configuration list for PBXProject "weatherku" */;
			developmentRegion = en;
			hasScannedForEncodings = 0;
			knownRegions = (
				en,
				Base,
			);
			mainGroup = DEE8827D2CECF6C800905A4F;
			minimizedProjectReferenceProxies = 1;
			preferredProjectObjectVersion = 77;
			productRefGroup = DEE882872CECF6C800905A4F /* Products */;
			projectDirPath = "";
			projectRoot = "";
			targets = (
				DEE882852CECF6C800905A4F /* weatherku */,
				DEE8829B2CECF6CA00905A4F /* weatherkuTests */,
				DEE882A52CECF6CA00905A4F /* weatherkuUITests */,
			);
		};
/* End PBXProject section */

/* Begin PBXResourcesBuildPhase section */
		DEE882842CECF6C800905A4F /* Resources */ = {
			isa = PBXResourcesBuildPhase;
			buildActionMask = 2147483647;
			files = (
			);
			runOnlyForDeploymentPostprocessing = 0;
		};
		DEE8829A2CECF6CA00905A4F /* Resources */ = {
			isa = PBXResourcesBuildPhase;
			buildActionMask = 2147483647;
			files = (
			);
			runOnlyForDeploymentPostprocessing = 0;
		};
		DEE882A42CECF6CA00905A4F /* Resources */ = {
			isa = PBXResourcesBuildPhase;
			buildActionMask = 2147483647;
			files = (
			);
			runOnlyForDeploymentPostprocessing = 0;
		};
/* End PBXResourcesBuildPhase section */

/* Begin PBXSourcesBuildPhase section */
		DEE882822CECF6C800905A4F /* Sources */ = {
			isa = PBXSourcesBuildPhase;
			buildActionMask = 2147483647;
			files = (
			);
			runOnlyForDeploymentPostprocessing = 0;
		};
		DEE882982CECF6CA00905A4F /* Sources */ = {
			isa = PBXSourcesBuildPhase;
			buildActionMask = 2147483647;
			files = (
			);
			runOnlyForDeploymentPostprocessing = 0;
		};
		DEE882A22CECF6CA00905A4F /* Sources */ = {
			isa = PBXSourcesBuildPhase;
			buildActionMask = 2147483647;
			files = (
			);
			runOnlyForDeploymentPostprocessing = 0;
		};
/* End PBXSourcesBuildPhase section */

/* Begin PBXTargetDependency section */
		DEE8829E2CECF6CA00905A4F /* PBXTargetDependency */ = {
			isa = PBXTargetDependency;
			target = DEE882852CECF6C800905A4F /* weatherku */;
			targetProxy = DEE8829D2CECF6CA00905A4F /* PBXContainerItemProxy */;
		};
		DEE882A82CECF6CA00905A4F /* PBXTargetDependency */ = {
			isa = PBXTargetDependency;
			target = DEE882852CECF6C800905A4F /* weatherku */;
			targetProxy = DEE882A72CECF6CA00905A4F /* PBXContainerItemProxy */;
		};
/* End PBXTargetDependency section */

/* Begin XCBuildConfiguration section */
		DEE882B02CECF6CA00905A4F /* Debug */ = {
			isa = XCBuildConfiguration;
			buildSettings = {
				ASSETCATALOG_COMPILER_APPICON_NAME = AppIcon;
				ASSETCATALOG_COMPILER_GLOBAL_ACCENT_COLOR_NAME = AccentColor;
				CODE_SIGN_STYLE = Automatic;
				CURRENT_PROJECT_VERSION = 1;
				DEVELOPMENT_TEAM = 6L2K48U86U;
				GENERATE_INFOPLIST_FILE = YES;
				INFOPLIST_FILE = weatherku/Info.plist;
				INFOPLIST_KEY_UIApplicationSupportsIndirectInputEvents = YES;
				INFOPLIST_KEY_UILaunchStoryboardName = LaunchScreen;
				INFOPLIST_KEY_UIMainStoryboardFile = Main;
				INFOPLIST_KEY_UISupportedInterfaceOrientations_iPad = "UIInterfaceOrientationPortrait UIInterfaceOrientationPortraitUpsideDown UIInterfaceOrientationLandscapeLeft UIInterfaceOrientationLandscapeRight";
				INFOPLIST_KEY_UISupportedInterfaceOrientations_iPhone = "UIInterfaceOrientationPortrait UIInterfaceOrientationLandscapeLeft UIInterfaceOrientationLandscapeRight";
				LD_RUNPATH_SEARCH_PATHS = (
					"$(inherited)",
					"@executable_path/Frameworks",
				);
				MARKETING_VERSION = 1.0;
				PRODUCT_BUNDLE_IDENTIFIER = com.anangkur.weatherku;
				PRODUCT_NAME = "$(TARGET_NAME)";
				SWIFT_EMIT_LOC_STRINGS = YES;
				SWIFT_VERSION = 5.0;
				TARGETED_DEVICE_FAMILY = "1,2";
			};
			name = Debug;
		};
		DEE882B12CECF6CA00905A4F /* Release */ = {
			isa = XCBuildConfiguration;
			buildSettings = {
				ASSETCATALOG_COMPILER_APPICON_NAME = AppIcon;
				ASSETCATALOG_COMPILER_GLOBAL_ACCENT_COLOR_NAME = AccentColor;
				CODE_SIGN_STYLE = Automatic;
				CURRENT_PROJECT_VERSION = 1;
				DEVELOPMENT_TEAM = 6L2K48U86U;
				GENERATE_INFOPLIST_FILE = YES;
				INFOPLIST_FILE = weatherku/Info.plist;
				INFOPLIST_KEY_UIApplicationSupportsIndirectInputEvents = YES;
				INFOPLIST_KEY_UILaunchStoryboardName = LaunchScreen;
				INFOPLIST_KEY_UIMainStoryboardFile = Main;
				INFOPLIST_KEY_UISupportedInterfaceOrientations_iPad = "UIInterfaceOrientationPortrait UIInterfaceOrientationPortraitUpsideDown UIInterfaceOrientationLandscapeLeft UIInterfaceOrientationLandscapeRight";
				INFOPLIST_KEY_UISupportedInterfaceOrientations_iPhone = "UIInterfaceOrientationPortrait UIInterfaceOrientationLandscapeLeft UIInterfaceOrientationLandscapeRight";
				LD_RUNPATH_SEARCH_PATHS = (
					"$(inherited)",
					"@executable_path/Frameworks",
				);
				MARKETING_VERSION = 1.0;
				PRODUCT_BUNDLE_IDENTIFIER = com.anangkur.weatherku;
				PRODUCT_NAME = "$(TARGET_NAME)";
				SWIFT_EMIT_LOC_STRINGS = YES;
				SWIFT_VERSION = 5.0;
				TARGETED_DEVICE_FAMILY = "1,2";
			};
			name = Release;
		};
		DEE882B22CECF6CA00905A4F /* Debug */ = {
			isa = XCBuildConfiguration;
			buildSettings = {
				ALWAYS_SEARCH_USER_PATHS = NO;
				ASSETCATALOG_COMPILER_GENERATE_SWIFT_ASSET_SYMBOL_EXTENSIONS = YES;
				CLANG_ANALYZER_NONNULL = YES;
				CLANG_ANALYZER_NUMBER_OBJECT_CONVERSION = YES_AGGRESSIVE;
				CLANG_CXX_LANGUAGE_STANDARD = "gnu++20";
				CLANG_ENABLE_MODULES = YES;
				CLANG_ENABLE_OBJC_ARC = YES;
				CLANG_ENABLE_OBJC_WEAK = YES;
				CLANG_WARN_BLOCK_CAPTURE_AUTORELEASING = YES;
				CLANG_WARN_BOOL_CONVERSION = YES;
				CLANG_WARN_COMMA = YES;
				CLANG_WARN_CONSTANT_CONVERSION = YES;
				CLANG_WARN_DEPRECATED_OBJC_IMPLEMENTATIONS = YES;
				CLANG_WARN_DIRECT_OBJC_ISA_USAGE = YES_ERROR;
				CLANG_WARN_DOCUMENTATION_COMMENTS = YES;
				CLANG_WARN_EMPTY_BODY = YES;
				CLANG_WARN_ENUM_CONVERSION = YES;
				CLANG_WARN_INFINITE_RECURSION = YES;
				CLANG_WARN_INT_CONVERSION = YES;
				CLANG_WARN_NON_LITERAL_NULL_CONVERSION = YES;
				CLANG_WARN_OBJC_IMPLICIT_RETAIN_SELF = YES;
				CLANG_WARN_OBJC_LITERAL_CONVERSION = YES;
				CLANG_WARN_OBJC_ROOT_CLASS = YES_ERROR;
				CLANG_WARN_QUOTED_INCLUDE_IN_FRAMEWORK_HEADER = YES;
				CLANG_WARN_RANGE_LOOP_ANALYSIS = YES;
				CLANG_WARN_STRICT_PROTOTYPES = YES;
				CLANG_WARN_SUSPICIOUS_MOVE = YES;
				CLANG_WARN_UNGUARDED_AVAILABILITY = YES_AGGRESSIVE;
				CLANG_WARN_UNREACHABLE_CODE = YES;
				CLANG_WARN__DUPLICATE_METHOD_MATCH = YES;
				COPY_PHASE_STRIP = NO;
				DEBUG_INFORMATION_FORMAT = dwarf;
				ENABLE_STRICT_OBJC_MSGSEND = YES;
				ENABLE_TESTABILITY = YES;
				ENABLE_USER_SCRIPT_SANDBOXING = YES;
				GCC_C_LANGUAGE_STANDARD = gnu17;
				GCC_DYNAMIC_NO_PIC = NO;
				GCC_NO_COMMON_BLOCKS = YES;
				GCC_OPTIMIZATION_LEVEL = 0;
				GCC_PREPROCESSOR_DEFINITIONS = (
					"DEBUG=1",
					"$(inherited)",
				);
				GCC_WARN_64_TO_32_BIT_CONVERSION = YES;
				GCC_WARN_ABOUT_RETURN_TYPE = YES_ERROR;
				GCC_WARN_UNDECLARED_SELECTOR = YES;
				GCC_WARN_UNINITIALIZED_AUTOS = YES_AGGRESSIVE;
				GCC_WARN_UNUSED_FUNCTION = YES;
				GCC_WARN_UNUSED_VARIABLE = YES;
				IPHONEOS_DEPLOYMENT_TARGET = 18.0;
				LOCALIZATION_PREFERS_STRING_CATALOGS = YES;
				MTL_ENABLE_DEBUG_INFO = INCLUDE_SOURCE;
				MTL_FAST_MATH = YES;
				ONLY_ACTIVE_ARCH = YES;
				SDKROOT = iphoneos;
				SWIFT_ACTIVE_COMPILATION_CONDITIONS = "DEBUG $(inherited)";
				SWIFT_OPTIMIZATION_LEVEL = "-Onone";
			};
			name = Debug;
		};
		DEE882B32CECF6CA00905A4F /* Release */ = {
			isa = XCBuildConfiguration;
			buildSettings = {
				ALWAYS_SEARCH_USER_PATHS = NO;
				ASSETCATALOG_COMPILER_GENERATE_SWIFT_ASSET_SYMBOL_EXTENSIONS = YES;
				CLANG_ANALYZER_NONNULL = YES;
				CLANG_ANALYZER_NUMBER_OBJECT_CONVERSION = YES_AGGRESSIVE;
				CLANG_CXX_LANGUAGE_STANDARD = "gnu++20";
				CLANG_ENABLE_MODULES = YES;
				CLANG_ENABLE_OBJC_ARC = YES;
				CLANG_ENABLE_OBJC_WEAK = YES;
				CLANG_WARN_BLOCK_CAPTURE_AUTORELEASING = YES;
				CLANG_WARN_BOOL_CONVERSION = YES;
				CLANG_WARN_COMMA = YES;
				CLANG_WARN_CONSTANT_CONVERSION = YES;
				CLANG_WARN_DEPRECATED_OBJC_IMPLEMENTATIONS = YES;
				CLANG_WARN_DIRECT_OBJC_ISA_USAGE = YES_ERROR;
				CLANG_WARN_DOCUMENTATION_COMMENTS = YES;
				CLANG_WARN_EMPTY_BODY = YES;
				CLANG_WARN_ENUM_CONVERSION = YES;
				CLANG_WARN_INFINITE_RECURSION = YES;
				CLANG_WARN_INT_CONVERSION = YES;
				CLANG_WARN_NON_LITERAL_NULL_CONVERSION = YES;
				CLANG_WARN_OBJC_IMPLICIT_RETAIN_SELF = YES;
				CLANG_WARN_OBJC_LITERAL_CONVERSION = YES;
				CLANG_WARN_OBJC_ROOT_CLASS = YES_ERROR;
				CLANG_WARN_QUOTED_INCLUDE_IN_FRAMEWORK_HEADER = YES;
				CLANG_WARN_RANGE_LOOP_ANALYSIS = YES;
				CLANG_WARN_STRICT_PROTOTYPES = YES;
				CLANG_WARN_SUSPICIOUS_MOVE = YES;
				CLANG_WARN_UNGUARDED_AVAILABILITY = YES_AGGRESSIVE;
				CLANG_WARN_UNREACHABLE_CODE = YES;
				CLANG_WARN__DUPLICATE_METHOD_MATCH = YES;
				COPY_PHASE_STRIP = NO;
				DEBUG_INFORMATION_FORMAT = "dwarf-with-dsym";
				ENABLE_NS_ASSERTIONS = NO;
				ENABLE_STRICT_OBJC_MSGSEND = YES;
				ENABLE_USER_SCRIPT_SANDBOXING = YES;
				GCC_C_LANGUAGE_STANDARD = gnu17;
				GCC_NO_COMMON_BLOCKS = YES;
				GCC_WARN_64_TO_32_BIT_CONVERSION = YES;
				GCC_WARN_ABOUT_RETURN_TYPE = YES_ERROR;
				GCC_WARN_UNDECLARED_SELECTOR = YES;
				GCC_WARN_UNINITIALIZED_AUTOS = YES_AGGRESSIVE;
				GCC_WARN_UNUSED_FUNCTION = YES;
				GCC_WARN_UNUSED_VARIABLE = YES;
				IPHONEOS_DEPLOYMENT_TARGET = 18.0;
				LOCALIZATION_PREFERS_STRING_CATALOGS = YES;
				MTL_ENABLE_DEBUG_INFO = NO;
				MTL_FAST_MATH = YES;
				SDKROOT = iphoneos;
				SWIFT_COMPILATION_MODE = wholemodule;
				VALIDATE_PRODUCT = YES;
			};
			name = Release;
		};
		DEE882B52CECF6CA00905A4F /* Debug */ = {
			isa = XCBuildConfiguration;
			buildSettings = {
				BUNDLE_LOADER = "$(TEST_HOST)";
				CODE_SIGN_STYLE = Automatic;
				CURRENT_PROJECT_VERSION = 1;
				DEVELOPMENT_TEAM = 6L2K48U86U;
				GENERATE_INFOPLIST_FILE = YES;
				IPHONEOS_DEPLOYMENT_TARGET = 18.0;
				MARKETING_VERSION = 1.0;
				PRODUCT_BUNDLE_IDENTIFIER = com.anangkur.weatherkuTests;
				PRODUCT_NAME = "$(TARGET_NAME)";
				SWIFT_EMIT_LOC_STRINGS = NO;
				SWIFT_VERSION = 5.0;
				TARGETED_DEVICE_FAMILY = "1,2";
				TEST_HOST = "$(BUILT_PRODUCTS_DIR)/weatherku.app/$(BUNDLE_EXECUTABLE_FOLDER_PATH)/weatherku";
			};
			name = Debug;
		};
		DEE882B62CECF6CA00905A4F /* Release */ = {
			isa = XCBuildConfiguration;
			buildSettings = {
				BUNDLE_LOADER = "$(TEST_HOST)";
				CODE_SIGN_STYLE = Automatic;
				CURRENT_PROJECT_VERSION = 1;
				DEVELOPMENT_TEAM = 6L2K48U86U;
				GENERATE_INFOPLIST_FILE = YES;
				IPHONEOS_DEPLOYMENT_TARGET = 18.0;
				MARKETING_VERSION = 1.0;
				PRODUCT_BUNDLE_IDENTIFIER = com.anangkur.weatherkuTests;
				PRODUCT_NAME = "$(TARGET_NAME)";
				SWIFT_EMIT_LOC_STRINGS = NO;
				SWIFT_VERSION = 5.0;
				TARGETED_DEVICE_FAMILY = "1,2";
				TEST_HOST = "$(BUILT_PRODUCTS_DIR)/weatherku.app/$(BUNDLE_EXECUTABLE_FOLDER_PATH)/weatherku";
			};
			name = Release;
		};
		DEE882B82CECF6CA00905A4F /* Debug */ = {
			isa = XCBuildConfiguration;
			buildSettings = {
				CODE_SIGN_STYLE = Automatic;
				CURRENT_PROJECT_VERSION = 1;
				DEVELOPMENT_TEAM = 6L2K48U86U;
				GENERATE_INFOPLIST_FILE = YES;
				MARKETING_VERSION = 1.0;
				PRODUCT_BUNDLE_IDENTIFIER = com.anangkur.weatherkuUITests;
				PRODUCT_NAME = "$(TARGET_NAME)";
				SWIFT_EMIT_LOC_STRINGS = NO;
				SWIFT_VERSION = 5.0;
				TARGETED_DEVICE_FAMILY = "1,2";
				TEST_TARGET_NAME = weatherku;
			};
			name = Debug;
		};
		DEE882B92CECF6CA00905A4F /* Release */ = {
			isa = XCBuildConfiguration;
			buildSettings = {
				CODE_SIGN_STYLE = Automatic;
				CURRENT_PROJECT_VERSION = 1;
				DEVELOPMENT_TEAM = 6L2K48U86U;
				GENERATE_INFOPLIST_FILE = YES;
				MARKETING_VERSION = 1.0;
				PRODUCT_BUNDLE_IDENTIFIER = com.anangkur.weatherkuUITests;
				PRODUCT_NAME = "$(TARGET_NAME)";
				SWIFT_EMIT_LOC_STRINGS = NO;
				SWIFT_VERSION = 5.0;
				TARGETED_DEVICE_FAMILY = "1,2";
				TEST_TARGET_NAME = weatherku;
			};
			name = Release;
		};
/* End XCBuildConfiguration section */

/* Begin XCConfigurationList section */
		DEE882812CECF6C800905A4F /* Build configuration list for PBXProject "weatherku" */ = {
			isa = XCConfigurationList;
			buildConfigurations = (
				DEE882B22CECF6CA00905A4F /* Debug */,
				DEE882B32CECF6CA00905A4F /* Release */,
			);
			defaultConfigurationIsVisible = 0;
			defaultConfigurationName = Release;
		};
		DEE882AF2CECF6CA00905A4F /* Build configuration list for PBXNativeTarget "weatherku" */ = {
			isa = XCConfigurationList;
			buildConfigurations = (
				DEE882B02CECF6CA00905A4F /* Debug */,
				DEE882B12CECF6CA00905A4F /* Release */,
			);
			defaultConfigurationIsVisible = 0;
			defaultConfigurationName = Release;
		};
		DEE882B42CECF6CA00905A4F /* Build configuration list for PBXNativeTarget "weatherkuTests" */ = {
			isa = XCConfigurationList;
			buildConfigurations = (
				DEE882B52CECF6CA00905A4F /* Debug */,
				DEE882B62CECF6CA00905A4F /* Release */,
			);
			defaultConfigurationIsVisible = 0;
			defaultConfigurationName = Release;
		};
		DEE882B72CECF6CA00905A4F /* Build configuration list for PBXNativeTarget "weatherkuUITests" */ = {
			isa = XCConfigurationList;
			buildConfigurations = (
				DEE882B82CECF6CA00905A4F /* Debug */,
				DEE882B92CECF6CA00905A4F /* Release */,
			);
			defaultConfigurationIsVisible = 0;
			defaultConfigurationName = Release;
		};
/* End XCConfigurationList section */
	};
	rootObject = DEE8827E2CECF6C800905A4F /* Project object */;
}
